
Microsoft Visual Studio Solution File, Format Version 12.00
# Visual Studio 15
VisualStudioVersion = 15.0.28307.1082
MinimumVisualStudioVersion = 10.0.40219.1
Project("{FAE04EC0-301F-11D3-BF4B-00C04F79EFBC}") = "TODOList", "TODOList\TODOList.csproj", "{99757079-2FA1-4D56-AD2F-60FC6625505B}"
EndProject
Global
	GlobalSection(SolutionConfigurationPlatforms) = preSolution
		Debug|Any CPU = Debug|Any CPU
		Release|Any CPU = Release|Any CPU
	EndGlobalSection
	GlobalSection(ProjectConfigurationPlatforms) = postSolution
		{99757079-2FA1-4D56-AD2F-60FC6625505B}.Debug|Any CPU.ActiveCfg = Debug|Any CPU
		{99757079-2FA1-4D56-AD2F-60FC6625505B}.Debug|Any CPU.Build.0 = Debug|Any CPU
		{99757079-2FA1-4D56-AD2F-60FC6625505B}.Release|Any CPU.ActiveCfg = Release|Any CPU
		{99757079-2FA1-4D56-AD2F-60FC6625505B}.Release|Any CPU.Build.0 = Release|Any CPU
	EndGlobalSection
	GlobalSection(SolutionProperties) = preSolution
		HideSolutionNode = FALSE
	EndGlobalSection
	GlobalSection(ExtensibilityGlobals) = postSolution
		SolutionGuid = {8398BDB6-E6F5-4263-8782-C528FC8CB209}
	EndGlobalSection
EndGlobal
